# Generated by Dagger. Pins the images and git refs this workspace uses.
# Any Dagger command may update this file; always commit it with your changes.
# Run `dagger lock update` to refresh the pinned versions.
[["version","2"]]
["","git-latest",["github.com/sagikazarmark/daggerverse-beta",["tagPrefix","dagger-gha"]],"refs/heads/main"]
["","git-latest",["github.com/sagikazarmark/daggerverse-beta",["tagPrefix","rust"]],"refs/heads/main"]
["","git-sha",["github.com/rustsec/advisory-db","HEAD"],"ef6173cbc5c50ec8166f9a5b28f07834144373ee"]
["","git-sha",["github.com/sagikazarmark/daggerverse-beta","refs/heads/main"],"bfaa3c365d4846aa8d447d8cd0b6f241fa55728c"]
["","oci-sha",["docker.io/library/rust:latest"],"sha256:6ff07edce8775d0f64be7aba9197229407301bddf2054d62c27b541a6238a181"]